// !$*UTF8*$!
{
	archiveVersion = 1;
	classes = {
	};
	objectVersion = 56;
	objects = {

/* Begin PBXBuildFile section */
		C85267F12AC4316F00047B27 /* StoryboardApp.swift in Sources */ = {isa = PBXBuildFile; fileRef = C85267F02AC4316F00047B27 /* StoryboardApp.swift */; };
		C85267F32AC4316F00047B27 /* ContentView.swift in Sources */ = {isa = PBXBuildFile; fileRef = C85267F22AC4316F00047B27 /* ContentView.swift */; };
		C85267F52AC4317000047B27 /* Assets.xcassets in Resources */ = {isa = PBXBuildFile; fileRef = C85267F42AC4317000047B27 /* Assets.xcassets */; };
		C85267F82AC4317000047B27 /* Preview Assets.xcassets in Resources */ = {isa = PBXBuildFile; fileRef = C85267F72AC4317000047B27 /* Preview Assets.xcassets */; };
		C85267FF2AC433A300047B27 /* ListItemView.swift in Sources */ = {isa = PBXBuildFile; fileRef = C85267FE2AC433A300047B27 /* ListItemView.swift */; };
		C85268012AC445F700047B27 /* ShowStoryView.swift in Sources */ = {isa = PBXBuildFile; fileRef = C85268002AC445F700047B27 /* ShowStoryView.swift */; };
		C8680B322AC6BA1100198CCA /* SequenceListView.swift in Sources */ = {isa = PBXBuildFile; fileRef = C8680B312AC6BA1100198CCA /* SequenceListView.swift */; };
		C8680B342AC6BF6300198CCA /* NewSequenceView.swift in Sources */ = {isa = PBXBuildFile; fileRef = C8680B332AC6BF6300198CCA /* NewSequenceView.swift */; };
		C8680B362AC94BE100198CCA /* Sequencer.swift in Sources */ = {isa = PBXBuildFile; fileRef = C8680B352AC94BE100198CCA /* Sequencer.swift */; };
		C8680B412AC9C0D500198CCA /* WordType.swift in Sources */ = {isa = PBXBuildFile; fileRef = C8680B402AC9C0D500198CCA /* WordType.swift */; };
		C8680B432AC9C27E00198CCA /* SequencerSendJson.swift in Sources */ = {isa = PBXBuildFile; fileRef = C8680B422AC9C27E00198CCA /* SequencerSendJson.swift */; };
		C8680B452ACA5C6000198CCA /* SequencerResponseSuccess.swift in Sources */ = {isa = PBXBuildFile; fileRef = C8680B442ACA5C6000198CCA /* SequencerResponseSuccess.swift */; };
		C8680B472ACA5CCF00198CCA /* SequencerResponseError.swift in Sources */ = {isa = PBXBuildFile; fileRef = C8680B462ACA5CCF00198CCA /* SequencerResponseError.swift */; };
		C8680B642ACFD98000198CCA /* SpinnerView.swift in Sources */ = {isa = PBXBuildFile; fileRef = C8680B632ACFD98000198CCA /* SpinnerView.swift */; };
		C8680B662ACFFF3500198CCA /* StoryView.swift in Sources */ = {isa = PBXBuildFile; fileRef = C8680B652ACFFF3500198CCA /* StoryView.swift */; };
		C8680B682AD0007400198CCA /* StoryByAI.swift in Sources */ = {isa = PBXBuildFile; fileRef = C8680B672AD0007400198CCA /* StoryByAI.swift */; };
		C8680B6A2AD2BF2A00198CCA /* APictureView.swift in Sources */ = {isa = PBXBuildFile; fileRef = C8680B692AD2BF2A00198CCA /* APictureView.swift */; };
		C89D5E712AD69EDD00083549 /* PictureModel.swift in Sources */ = {isa = PBXBuildFile; fileRef = C89D5E702AD69EDD00083549 /* PictureModel.swift */; };
		C89D5E732AD7FC9E00083549 /* LaunchScreen.storyboard in Resources */ = {isa = PBXBuildFile; fileRef = C89D5E722AD7FC9E00083549 /* LaunchScreen.storyboard */; };
		C89D5E7A2ADBCFEB00083549 /* CameraView.swift in Sources */ = {isa = PBXBuildFile; fileRef = C89D5E792ADBCFEB00083549 /* CameraView.swift */; };
		C89D5E7C2ADBD01B00083549 /* DataModel.swift in Sources */ = {isa = PBXBuildFile; fileRef = C89D5E7B2ADBD01B00083549 /* DataModel.swift */; };
		C89D5E7E2ADBD4E600083549 /* ViewFinderView.swift in Sources */ = {isa = PBXBuildFile; fileRef = C89D5E7D2ADBD4E600083549 /* ViewFinderView.swift */; };
		C89D5E802ADBD54500083549 /* PhotoAsset.swift in Sources */ = {isa = PBXBuildFile; fileRef = C89D5E7F2ADBD54500083549 /* PhotoAsset.swift */; };
		C89D5E822ADBD5B200083549 /* PhotoAssetCollection.swift in Sources */ = {isa = PBXBuildFile; fileRef = C89D5E812ADBD5B200083549 /* PhotoAssetCollection.swift */; };
		C89D5E842ADBD6C400083549 /* PhotoCollection.swift in Sources */ = {isa = PBXBuildFile; fileRef = C89D5E832ADBD6C400083549 /* PhotoCollection.swift */; };
		C89D5E862ADBD71D00083549 /* PhotoCollectionView.swift in Sources */ = {isa = PBXBuildFile; fileRef = C89D5E852ADBD71D00083549 /* PhotoCollectionView.swift */; };
		C89D5E882ADBD74400083549 /* PhotoItemView.swift in Sources */ = {isa = PBXBuildFile; fileRef = C89D5E872ADBD74400083549 /* PhotoItemView.swift */; };
		C89D5E8A2ADBD77000083549 /* PhotoLibrary.swift in Sources */ = {isa = PBXBuildFile; fileRef = C89D5E892ADBD77000083549 /* PhotoLibrary.swift */; };
		C89D5E8C2ADBD7AA00083549 /* PhotoView.swift in Sources */ = {isa = PBXBuildFile; fileRef = C89D5E8B2ADBD7AA00083549 /* PhotoView.swift */; };
		C89D5E8E2ADBD7E100083549 /* ThumbnailView.swift in Sources */ = {isa = PBXBuildFile; fileRef = C89D5E8D2ADBD7E100083549 /* ThumbnailView.swift */; };
		C89D5E902ADBD82200083549 /* CachedImageManager.swift in Sources */ = {isa = PBXBuildFile; fileRef = C89D5E8F2ADBD82200083549 /* CachedImageManager.swift */; };
		C89D5E922ADBD8B700083549 /* Camera.swift in Sources */ = {isa = PBXBuildFile; fileRef = C89D5E912ADBD8B700083549 /* Camera.swift */; };
		C89D5E942ADD2F3A00083549 /* PictureSource.swift in Sources */ = {isa = PBXBuildFile; fileRef = C89D5E932ADD2F3A00083549 /* PictureSource.swift */; };
		C8B8A5892AE3AE2200490EF4 /* Main.xcdatamodeld in Sources */ = {isa = PBXBuildFile; fileRef = C8B8A5872AE3AE2200490EF4 /* Main.xcdatamodeld */; };
		C8B8A58B2AE3B3D400490EF4 /* PersistenceController.swift in Sources */ = {isa = PBXBuildFile; fileRef = C8B8A58A2AE3B3D400490EF4 /* PersistenceController.swift */; };
		C8B8A5CD2AE3FA7600490EF4 /* PreviewStoryView.swift in Sources */ = {isa = PBXBuildFile; fileRef = C8B8A5CC2AE3FA7600490EF4 /* PreviewStoryView.swift */; };
		C8B8A5CF2AE659D700490EF4 /* EditSequenceView.swift in Sources */ = {isa = PBXBuildFile; fileRef = C8B8A5CE2AE659D700490EF4 /* EditSequenceView.swift */; };
		C8B8A5D12AEE968A00490EF4 /* StoryByUser.swift in Sources */ = {isa = PBXBuildFile; fileRef = C8B8A5D02AEE968A00490EF4 /* StoryByUser.swift */; };
		C8B8A5D32AF6149000490EF4 /* APictureCardView.swift in Sources */ = {isa = PBXBuildFile; fileRef = C8B8A5D22AF6149000490EF4 /* APictureCardView.swift */; };
		C8B8A5D72AFB879900490EF4 /* FileManager.swift in Sources */ = {isa = PBXBuildFile; fileRef = C8B8A5D62AFB879900490EF4 /* FileManager.swift */; };
		C8B8A5D92B0CAEDE00490EF4 /* ChangePictureView.swift in Sources */ = {isa = PBXBuildFile; fileRef = C8B8A5D82B0CAEDE00490EF4 /* ChangePictureView.swift */; };
		C8B8A5DB2B0CB43E00490EF4 /* ChangePictureAllIconsView.swift in Sources */ = {isa = PBXBuildFile; fileRef = C8B8A5DA2B0CB43E00490EF4 /* ChangePictureAllIconsView.swift */; };
		C8B8A5DD2B0CB45B00490EF4 /* AllSavedPictureView.swift in Sources */ = {isa = PBXBuildFile; fileRef = C8B8A5DC2B0CB45B00490EF4 /* AllSavedPictureView.swift */; };
		C8B8A5DF2B0DFC1B00490EF4 /* MyImage.swift in Sources */ = {isa = PBXBuildFile; fileRef = C8B8A5DE2B0DFC1B00490EF4 /* MyImage.swift */; };
/* End PBXBuildFile section */

/* Begin PBXFileReference section */
		C85267ED2AC4316F00047B27 /* Storyboard.app */ = {isa = PBXFileReference; explicitFileType = wrapper.application; includeInIndex = 0; path = Storyboard.app; sourceTree = BUILT_PRODUCTS_DIR; };
		C85267F02AC4316F00047B27 /* StoryboardApp.swift */ = {isa = PBXFileReference; lastKnownFileType = sourcecode.swift; path = StoryboardApp.swift; sourceTree = "<group>"; };
		C85267F22AC4316F00047B27 /* ContentView.swift */ = {isa = PBXFileReference; lastKnownFileType = sourcecode.swift; path = ContentView.swift; sourceTree = "<group>"; };
		C85267F42AC4317000047B27 /* Assets.xcassets */ = {isa = PBXFileReference; lastKnownFileType = folder.assetcatalog; path = Assets.xcassets; sourceTree = "<group>"; };
		C85267F72AC4317000047B27 /* Preview Assets.xcassets */ = {isa = PBXFileReference; lastKnownFileType = folder.assetcatalog; path = "Preview Assets.xcassets"; sourceTree = "<group>"; };
		C85267FE2AC433A300047B27 /* ListItemView.swift */ = {isa = PBXFileReference; lastKnownFileType = sourcecode.swift; path = ListItemView.swift; sourceTree = "<group>"; };
		C85268002AC445F700047B27 /* ShowStoryView.swift */ = {isa = PBXFileReference; lastKnownFileType = sourcecode.swift; path = ShowStoryView.swift; sourceTree = "<group>"; };
		C8680B312AC6BA1100198CCA /* SequenceListView.swift */ = {isa = PBXFileReference; lastKnownFileType = sourcecode.swift; path = SequenceListView.swift; sourceTree = "<group>"; };
		C8680B332AC6BF6300198CCA /* NewSequenceView.swift */ = {isa = PBXFileReference; lastKnownFileType = sourcecode.swift; path = NewSequenceView.swift; sourceTree = "<group>"; };
		C8680B352AC94BE100198CCA /* Sequencer.swift */ = {isa = PBXFileReference; lastKnownFileType = sourcecode.swift; path = Sequencer.swift; sourceTree = "<group>"; };
		C8680B402AC9C0D500198CCA /* WordType.swift */ = {isa = PBXFileReference; lastKnownFileType = sourcecode.swift; path = WordType.swift; sourceTree = "<group>"; };
		C8680B422AC9C27E00198CCA /* SequencerSendJson.swift */ = {isa = PBXFileReference; lastKnownFileType = sourcecode.swift; path = SequencerSendJson.swift; sourceTree = "<group>"; };
		C8680B442ACA5C6000198CCA /* SequencerResponseSuccess.swift */ = {isa = PBXFileReference; lastKnownFileType = sourcecode.swift; path = SequencerResponseSuccess.swift; sourceTree = "<group>"; };
		C8680B462ACA5CCF00198CCA /* SequencerResponseError.swift */ = {isa = PBXFileReference; lastKnownFileType = sourcecode.swift; path = SequencerResponseError.swift; sourceTree = "<group>"; };
		C8680B632ACFD98000198CCA /* SpinnerView.swift */ = {isa = PBXFileReference; lastKnownFileType = sourcecode.swift; path = SpinnerView.swift; sourceTree = "<group>"; };
		C8680B652ACFFF3500198CCA /* StoryView.swift */ = {isa = PBXFileReference; lastKnownFileType = sourcecode.swift; path = StoryView.swift; sourceTree = "<group>"; };
		C8680B672AD0007400198CCA /* StoryByAI.swift */ = {isa = PBXFileReference; lastKnownFileType = sourcecode.swift; path = StoryByAI.swift; sourceTree = "<group>"; };
		C8680B692AD2BF2A00198CCA /* APictureView.swift */ = {isa = PBXFileReference; lastKnownFileType = sourcecode.swift; path = APictureView.swift; sourceTree = "<group>"; };
		C89D5E702AD69EDD00083549 /* PictureModel.swift */ = {isa = PBXFileReference; lastKnownFileType = sourcecode.swift; path = PictureModel.swift; sourceTree = "<group>"; };
		C89D5E722AD7FC9E00083549 /* LaunchScreen.storyboard */ = {isa = PBXFileReference; lastKnownFileType = file.storyboard; path = LaunchScreen.storyboard; sourceTree = "<group>"; };
		C89D5E782ADBCA3700083549 /* Info.plist */ = {isa = PBXFileReference; lastKnownFileType = text.plist; path = Info.plist; sourceTree = "<group>"; };
		C89D5E792ADBCFEB00083549 /* CameraView.swift */ = {isa = PBXFileReference; lastKnownFileType = sourcecode.swift; path = CameraView.swift; sourceTree = "<group>"; };
		C89D5E7B2ADBD01B00083549 /* DataModel.swift */ = {isa = PBXFileReference; lastKnownFileType = sourcecode.swift; path = DataModel.swift; sourceTree = "<group>"; };
		C89D5E7D2ADBD4E600083549 /* ViewFinderView.swift */ = {isa = PBXFileReference; lastKnownFileType = sourcecode.swift; path = ViewFinderView.swift; sourceTree = "<group>"; };
		C89D5E7F2ADBD54500083549 /* PhotoAsset.swift */ = {isa = PBXFileReference; lastKnownFileType = sourcecode.swift; path = PhotoAsset.swift; sourceTree = "<group>"; };
		C89D5E812ADBD5B200083549 /* PhotoAssetCollection.swift */ = {isa = PBXFileReference; lastKnownFileType = sourcecode.swift; path = PhotoAssetCollection.swift; sourceTree = "<group>"; };
		C89D5E832ADBD6C400083549 /* PhotoCollection.swift */ = {isa = PBXFileReference; lastKnownFileType = sourcecode.swift; path = PhotoCollection.swift; sourceTree = "<group>"; };
		C89D5E852ADBD71D00083549 /* PhotoCollectionView.swift */ = {isa = PBXFileReference; lastKnownFileType = sourcecode.swift; path = PhotoCollectionView.swift; sourceTree = "<group>"; };
		C89D5E872ADBD74400083549 /* PhotoItemView.swift */ = {isa = PBXFileReference; lastKnownFileType = sourcecode.swift; path = PhotoItemView.swift; sourceTree = "<group>"; };
		C89D5E892ADBD77000083549 /* PhotoLibrary.swift */ = {isa = PBXFileReference; lastKnownFileType = sourcecode.swift; path = PhotoLibrary.swift; sourceTree = "<group>"; };
		C89D5E8B2ADBD7AA00083549 /* PhotoView.swift */ = {isa = PBXFileReference; lastKnownFileType = sourcecode.swift; path = PhotoView.swift; sourceTree = "<group>"; };
		C89D5E8D2ADBD7E100083549 /* ThumbnailView.swift */ = {isa = PBXFileReference; lastKnownFileType = sourcecode.swift; path = ThumbnailView.swift; sourceTree = "<group>"; };
		C89D5E8F2ADBD82200083549 /* CachedImageManager.swift */ = {isa = PBXFileReference; lastKnownFileType = sourcecode.swift; path = CachedImageManager.swift; sourceTree = "<group>"; };
		C89D5E912ADBD8B700083549 /* Camera.swift */ = {isa = PBXFileReference; lastKnownFileType = sourcecode.swift; path = Camera.swift; sourceTree = "<group>"; };
		C89D5E932ADD2F3A00083549 /* PictureSource.swift */ = {isa = PBXFileReference; lastKnownFileType = sourcecode.swift; path = PictureSource.swift; sourceTree = "<group>"; };
		C8B8A5882AE3AE2200490EF4 /* Main.xcdatamodel */ = {isa = PBXFileReference; lastKnownFileType = wrapper.xcdatamodel; path = Main.xcdatamodel; sourceTree = "<group>"; };
		C8B8A58A2AE3B3D400490EF4 /* PersistenceController.swift */ = {isa = PBXFileReference; lastKnownFileType = sourcecode.swift; path = PersistenceController.swift; sourceTree = "<group>"; };
		C8B8A5CC2AE3FA7600490EF4 /* PreviewStoryView.swift */ = {isa = PBXFileReference; lastKnownFileType = sourcecode.swift; path = PreviewStoryView.swift; sourceTree = "<group>"; };
		C8B8A5CE2AE659D700490EF4 /* EditSequenceView.swift */ = {isa = PBXFileReference; lastKnownFileType = sourcecode.swift; path = EditSequenceView.swift; sourceTree = "<group>"; };
		C8B8A5D02AEE968A00490EF4 /* StoryByUser.swift */ = {isa = PBXFileReference; lastKnownFileType = sourcecode.swift; path = StoryByUser.swift; sourceTree = "<group>"; };
		C8B8A5D22AF6149000490EF4 /* APictureCardView.swift */ = {isa = PBXFileReference; lastKnownFileType = sourcecode.swift; path = APictureCardView.swift; sourceTree = "<group>"; };
		C8B8A5D62AFB879900490EF4 /* FileManager.swift */ = {isa = PBXFileReference; lastKnownFileType = sourcecode.swift; path = FileManager.swift; sourceTree = "<group>"; };
		C8B8A5D82B0CAEDE00490EF4 /* ChangePictureView.swift */ = {isa = PBXFileReference; lastKnownFileType = sourcecode.swift; path = ChangePictureView.swift; sourceTree = "<group>"; };
		C8B8A5DA2B0CB43E00490EF4 /* ChangePictureAllIconsView.swift */ = {isa = PBXFileReference; lastKnownFileType = sourcecode.swift; path = ChangePictureAllIconsView.swift; sourceTree = "<group>"; };
		C8B8A5DC2B0CB45B00490EF4 /* AllSavedPictureView.swift */ = {isa = PBXFileReference; lastKnownFileType = sourcecode.swift; path = AllSavedPictureView.swift; sourceTree = "<group>"; };
		C8B8A5DE2B0DFC1B00490EF4 /* MyImage.swift */ = {isa = PBXFileReference; lastKnownFileType = sourcecode.swift; path = MyImage.swift; sourceTree = "<group>"; };
/* End PBXFileReference section */

/* Begin PBXFrameworksBuildPhase section */
		C85267EA2AC4316F00047B27 /* Frameworks */ = {
			isa = PBXFrameworksBuildPhase;
			buildActionMask = 2147483647;
			files = (
			);
			runOnlyForDeploymentPostprocessing = 0;
		};
/* End PBXFrameworksBuildPhase section */

/* Begin PBXGroup section */
		C85267E42AC4316F00047B27 = {
			isa = PBXGroup;
			children = (
				C8B8A5872AE3AE2200490EF4 /* Main.xcdatamodeld */,
				C8B8A58A2AE3B3D400490EF4 /* PersistenceController.swift */,
				C89D5E722AD7FC9E00083549 /* LaunchScreen.storyboard */,
				C85267EF2AC4316F00047B27 /* Storyboard */,
				C85267EE2AC4316F00047B27 /* Products */,
			);
			sourceTree = "<group>";
		};
		C85267EE2AC4316F00047B27 /* Products */ = {
			isa = PBXGroup;
			children = (
				C85267ED2AC4316F00047B27 /* Storyboard.app */,
			);
			name = Products;
			sourceTree = "<group>";
		};
		C85267EF2AC4316F00047B27 /* Storyboard */ = {
			isa = PBXGroup;
			children = (
				C89D5E782ADBCA3700083549 /* Info.plist */,
				C8680B692AD2BF2A00198CCA /* APictureView.swift */,
				C89D5E792ADBCFEB00083549 /* CameraView.swift */,
				C85267F22AC4316F00047B27 /* ContentView.swift */,
				C85267FE2AC433A300047B27 /* ListItemView.swift */,
				C8680B332AC6BF6300198CCA /* NewSequenceView.swift */,
				C89D5E852ADBD71D00083549 /* PhotoCollectionView.swift */,
				C89D5E872ADBD74400083549 /* PhotoItemView.swift */,
				C89D5E8B2ADBD7AA00083549 /* PhotoView.swift */,
				C8680B312AC6BA1100198CCA /* SequenceListView.swift */,
				C85268002AC445F700047B27 /* ShowStoryView.swift */,
				C8680B632ACFD98000198CCA /* SpinnerView.swift */,
				C85267F02AC4316F00047B27 /* StoryboardApp.swift */,
				C8680B652ACFFF3500198CCA /* StoryView.swift */,
				C89D5E8D2ADBD7E100083549 /* ThumbnailView.swift */,
				C89D5E7D2ADBD4E600083549 /* ViewFinderView.swift */,
				C85267F42AC4317000047B27 /* Assets.xcassets */,
				C8680B382AC95D5700198CCA /* DataModels */,
				C8680B372AC95D0400198CCA /* Models */,
				C85267F62AC4317000047B27 /* Preview Content */,
				C8680B3F2AC9C0BD00198CCA /* Types */,
				C8B8A5CC2AE3FA7600490EF4 /* PreviewStoryView.swift */,
				C8B8A5CE2AE659D700490EF4 /* EditSequenceView.swift */,
				C8B8A5D22AF6149000490EF4 /* APictureCardView.swift */,
				C8B8A5D82B0CAEDE00490EF4 /* ChangePictureView.swift */,
				C8B8A5DA2B0CB43E00490EF4 /* ChangePictureAllIconsView.swift */,
				C8B8A5DC2B0CB45B00490EF4 /* AllSavedPictureView.swift */,
			);
			path = Storyboard;
			sourceTree = "<group>";
		};
		C85267F62AC4317000047B27 /* Preview Content */ = {
			isa = PBXGroup;
			children = (
				C85267F72AC4317000047B27 /* Preview Assets.xcassets */,
			);
			path = "Preview Content";
			sourceTree = "<group>";
		};
		C8680B372AC95D0400198CCA /* Models */ = {
			isa = PBXGroup;
			children = (
				C89D5E702AD69EDD00083549 /* PictureModel.swift */,
				C8680B352AC94BE100198CCA /* Sequencer.swift */,
				C89D5E7B2ADBD01B00083549 /* DataModel.swift */,
				C89D5E7F2ADBD54500083549 /* PhotoAsset.swift */,
				C89D5E812ADBD5B200083549 /* PhotoAssetCollection.swift */,
				C89D5E832ADBD6C400083549 /* PhotoCollection.swift */,
				C89D5E892ADBD77000083549 /* PhotoLibrary.swift */,
				C89D5E8F2ADBD82200083549 /* CachedImageManager.swift */,
				C89D5E912ADBD8B700083549 /* Camera.swift */,
				C8B8A5D62AFB879900490EF4 /* FileManager.swift */,
			);
			path = Models;
			sourceTree = "<group>";
		};
		C8680B382AC95D5700198CCA /* DataModels */ = {
			isa = PBXGroup;
			children = (
				C8680B422AC9C27E00198CCA /* SequencerSendJson.swift */,
				C8680B442ACA5C6000198CCA /* SequencerResponseSuccess.swift */,
				C8680B462ACA5CCF00198CCA /* SequencerResponseError.swift */,
				C8680B672AD0007400198CCA /* StoryByAI.swift */,
				C8B8A5D02AEE968A00490EF4 /* StoryByUser.swift */,
				C8B8A5DE2B0DFC1B00490EF4 /* MyImage.swift */,
			);
			path = DataModels;
			sourceTree = "<group>";
		};
		C8680B3F2AC9C0BD00198CCA /* Types */ = {
			isa = PBXGroup;
			children = (
				C8680B402AC9C0D500198CCA /* WordType.swift */,
				C89D5E932ADD2F3A00083549 /* PictureSource.swift */,
			);
			path = Types;
			sourceTree = "<group>";
		};
/* End PBXGroup section */

/* Begin PBXNativeTarget section */
		C85267EC2AC4316F00047B27 /* Storyboard */ = {
			isa = PBXNativeTarget;
			buildConfigurationList = C85267FB2AC4317000047B27 /* Build configuration list for PBXNativeTarget "Storyboard" */;
			buildPhases = (
				C85267E92AC4316F00047B27 /* Sources */,
				C85267EA2AC4316F00047B27 /* Frameworks */,
				C85267EB2AC4316F00047B27 /* Resources */,
			);
			buildRules = (
			);
			dependencies = (
			);
			name = Storyboard;
			productName = Storyboard;
			productReference = C85267ED2AC4316F00047B27 /* Storyboard.app */;
			productType = "com.apple.product-type.application";
		};
/* End PBXNativeTarget section */

/* Begin PBXProject section */
		C85267E52AC4316F00047B27 /* Project object */ = {
			isa = PBXProject;
			attributes = {
				BuildIndependentTargetsInParallel = 1;
				LastSwiftUpdateCheck = 1500;
				LastUpgradeCheck = 1500;
				TargetAttributes = {
					C85267EC2AC4316F00047B27 = {
						CreatedOnToolsVersion = 15.0;
					};
				};
			};
			buildConfigurationList = C85267E82AC4316F00047B27 /* Build configuration list for PBXProject "Storyboard" */;
			compatibilityVersion = "Xcode 14.0";
			developmentRegion = en;
			hasScannedForEncodings = 0;
			knownRegions = (
				en,
				Base,
			);
			mainGroup = C85267E42AC4316F00047B27;
			productRefGroup = C85267EE2AC4316F00047B27 /* Products */;
			projectDirPath = "";
			projectRoot = "";
			targets = (
				C85267EC2AC4316F00047B27 /* Storyboard */,
			);
		};
/* End PBXProject section */

/* Begin PBXResourcesBuildPhase section */
		C85267EB2AC4316F00047B27 /* Resources */ = {
			isa = PBXResourcesBuildPhase;
			buildActionMask = 2147483647;
			files = (
				C89D5E732AD7FC9E00083549 /* LaunchScreen.storyboard in Resources */,
				C85267F82AC4317000047B27 /* Preview Assets.xcassets in Resources */,
				C85267F52AC4317000047B27 /* Assets.xcassets in Resources */,
			);
			runOnlyForDeploymentPostprocessing = 0;
		};
/* End PBXResourcesBuildPhase section */

/* Begin PBXSourcesBuildPhase section */
		C85267E92AC4316F00047B27 /* Sources */ = {
			isa = PBXSourcesBuildPhase;
			buildActionMask = 2147483647;
			files = (
				C8680B452ACA5C6000198CCA /* SequencerResponseSuccess.swift in Sources */,
				C8B8A5CD2AE3FA7600490EF4 /* PreviewStoryView.swift in Sources */,
				C89D5E8C2ADBD7AA00083549 /* PhotoView.swift in Sources */,
				C85267FF2AC433A300047B27 /* ListItemView.swift in Sources */,
				C8680B412AC9C0D500198CCA /* WordType.swift in Sources */,
				C8680B322AC6BA1100198CCA /* SequenceListView.swift in Sources */,
				C89D5E822ADBD5B200083549 /* PhotoAssetCollection.swift in Sources */,
				C8B8A5892AE3AE2200490EF4 /* Main.xcdatamodeld in Sources */,
				C8680B362AC94BE100198CCA /* Sequencer.swift in Sources */,
				C8B8A5D72AFB879900490EF4 /* FileManager.swift in Sources */,
				C89D5E862ADBD71D00083549 /* PhotoCollectionView.swift in Sources */,
				C8680B642ACFD98000198CCA /* SpinnerView.swift in Sources */,
				C8B8A5DB2B0CB43E00490EF4 /* ChangePictureAllIconsView.swift in Sources */,
				C8B8A5CF2AE659D700490EF4 /* EditSequenceView.swift in Sources */,
				C8680B682AD0007400198CCA /* StoryByAI.swift in Sources */,
				C8680B662ACFFF3500198CCA /* StoryView.swift in Sources */,
				C8680B342AC6BF6300198CCA /* NewSequenceView.swift in Sources */,
				C89D5E8E2ADBD7E100083549 /* ThumbnailView.swift in Sources */,
				C89D5E902ADBD82200083549 /* CachedImageManager.swift in Sources */,
				C8680B472ACA5CCF00198CCA /* SequencerResponseError.swift in Sources */,
				C89D5E942ADD2F3A00083549 /* PictureSource.swift in Sources */,
				C89D5E712AD69EDD00083549 /* PictureModel.swift in Sources */,
				C8B8A5D92B0CAEDE00490EF4 /* ChangePictureView.swift in Sources */,
				C89D5E7E2ADBD4E600083549 /* ViewFinderView.swift in Sources */,
				C85267F32AC4316F00047B27 /* ContentView.swift in Sources */,
				C8B8A5D12AEE968A00490EF4 /* StoryByUser.swift in Sources */,
				C89D5E802ADBD54500083549 /* PhotoAsset.swift in Sources */,
				C89D5E7A2ADBCFEB00083549 /* CameraView.swift in Sources */,
				C85267F12AC4316F00047B27 /* StoryboardApp.swift in Sources */,
				C89D5E922ADBD8B700083549 /* Camera.swift in Sources */,
				C89D5E882ADBD74400083549 /* PhotoItemView.swift in Sources */,
				C8680B6A2AD2BF2A00198CCA /* APictureView.swift in Sources */,
				C89D5E842ADBD6C400083549 /* PhotoCollection.swift in Sources */,
				C85268012AC445F700047B27 /* ShowStoryView.swift in Sources */,
				C8B8A5DD2B0CB45B00490EF4 /* AllSavedPictureView.swift in Sources */,
				C8B8A5D32AF6149000490EF4 /* APictureCardView.swift in Sources */,
				C89D5E8A2ADBD77000083549 /* PhotoLibrary.swift in Sources */,
				C8B8A5DF2B0DFC1B00490EF4 /* MyImage.swift in Sources */,
				C8680B432AC9C27E00198CCA /* SequencerSendJson.swift in Sources */,
				C89D5E7C2ADBD01B00083549 /* DataModel.swift in Sources */,
				C8B8A58B2AE3B3D400490EF4 /* PersistenceController.swift in Sources */,
			);
			runOnlyForDeploymentPostprocessing = 0;
		};
/* End PBXSourcesBuildPhase section */

/* Begin XCBuildConfiguration section */
		C85267F92AC4317000047B27 /* Debug */ = {
			isa = XCBuildConfiguration;
			buildSettings = {
				ALWAYS_SEARCH_USER_PATHS = NO;
				ASSETCATALOG_COMPILER_GENERATE_SWIFT_ASSET_SYMBOL_EXTENSIONS = YES;
				CLANG_ANALYZER_NONNULL = YES;
				CLANG_ANALYZER_NUMBER_OBJECT_CONVERSION = YES_AGGRESSIVE;
				CLANG_CXX_LANGUAGE_STANDARD = "gnu++20";
				CLANG_ENABLE_MODULES = YES;
				CLANG_ENABLE_OBJC_ARC = YES;
				CLANG_ENABLE_OBJC_WEAK = YES;
				CLANG_WARN_BLOCK_CAPTURE_AUTORELEASING = YES;
				CLANG_WARN_BOOL_CONVERSION = YES;
				CLANG_WARN_COMMA = YES;
				CLANG_WARN_CONSTANT_CONVERSION = YES;
				CLANG_WARN_DEPRECATED_OBJC_IMPLEMENTATIONS = YES;
				CLANG_WARN_DIRECT_OBJC_ISA_USAGE = YES_ERROR;
				CLANG_WARN_DOCUMENTATION_COMMENTS = YES;
				CLANG_WARN_EMPTY_BODY = YES;
				CLANG_WARN_ENUM_CONVERSION = YES;
				CLANG_WARN_INFINITE_RECURSION = YES;
				CLANG_WARN_INT_CONVERSION = YES;
				CLANG_WARN_NON_LITERAL_NULL_CONVERSION = YES;
				CLANG_WARN_OBJC_IMPLICIT_RETAIN_SELF = YES;
				CLANG_WARN_OBJC_LITERAL_CONVERSION = YES;
				CLANG_WARN_OBJC_ROOT_CLASS = YES_ERROR;
				CLANG_WARN_QUOTED_INCLUDE_IN_FRAMEWORK_HEADER = YES;
				CLANG_WARN_RANGE_LOOP_ANALYSIS = YES;
				CLANG_WARN_STRICT_PROTOTYPES = YES;
				CLANG_WARN_SUSPICIOUS_MOVE = YES;
				CLANG_WARN_UNGUARDED_AVAILABILITY = YES_AGGRESSIVE;
				CLANG_WARN_UNREACHABLE_CODE = YES;
				CLANG_WARN__DUPLICATE_METHOD_MATCH = YES;
				COPY_PHASE_STRIP = NO;
				DEBUG_INFORMATION_FORMAT = dwarf;
				ENABLE_STRICT_OBJC_MSGSEND = YES;
				ENABLE_TESTABILITY = YES;
				ENABLE_USER_SCRIPT_SANDBOXING = YES;
				GCC_C_LANGUAGE_STANDARD = gnu17;
				GCC_DYNAMIC_NO_PIC = NO;
				GCC_NO_COMMON_BLOCKS = YES;
				GCC_OPTIMIZATION_LEVEL = 0;
				GCC_PREPROCESSOR_DEFINITIONS = (
					"DEBUG=1",
					"$(inherited)",
				);
				GCC_WARN_64_TO_32_BIT_CONVERSION = YES;
				GCC_WARN_ABOUT_RETURN_TYPE = YES_ERROR;
				GCC_WARN_UNDECLARED_SELECTOR = YES;
				GCC_WARN_UNINITIALIZED_AUTOS = YES_AGGRESSIVE;
				GCC_WARN_UNUSED_FUNCTION = YES;
				GCC_WARN_UNUSED_VARIABLE = YES;
				IPHONEOS_DEPLOYMENT_TARGET = 17.0;
				LOCALIZATION_PREFERS_STRING_CATALOGS = YES;
				MTL_ENABLE_DEBUG_INFO = INCLUDE_SOURCE;
				MTL_FAST_MATH = YES;
				ONLY_ACTIVE_ARCH = YES;
				SDKROOT = iphoneos;
				SWIFT_ACTIVE_COMPILATION_CONDITIONS = "DEBUG $(inherited)";
				SWIFT_OPTIMIZATION_LEVEL = "-Onone";
			};
			name = Debug;
		};
		C85267FA2AC4317000047B27 /* Release */ = {
			isa = XCBuildConfiguration;
			buildSettings = {
				ALWAYS_SEARCH_USER_PATHS = NO;
				ASSETCATALOG_COMPILER_GENERATE_SWIFT_ASSET_SYMBOL_EXTENSIONS = YES;
				CLANG_ANALYZER_NONNULL = YES;
				CLANG_ANALYZER_NUMBER_OBJECT_CONVERSION = YES_AGGRESSIVE;
				CLANG_CXX_LANGUAGE_STANDARD = "gnu++20";
				CLANG_ENABLE_MODULES = YES;
				CLANG_ENABLE_OBJC_ARC = YES;
				CLANG_ENABLE_OBJC_WEAK = YES;
				CLANG_WARN_BLOCK_CAPTURE_AUTORELEASING = YES;
				CLANG_WARN_BOOL_CONVERSION = YES;
				CLANG_WARN_COMMA = YES;
				CLANG_WARN_CONSTANT_CONVERSION = YES;
				CLANG_WARN_DEPRECATED_OBJC_IMPLEMENTATIONS = YES;
				CLANG_WARN_DIRECT_OBJC_ISA_USAGE = YES_ERROR;
				CLANG_WARN_DOCUMENTATION_COMMENTS = YES;
				CLANG_WARN_EMPTY_BODY = YES;
				CLANG_WARN_ENUM_CONVERSION = YES;
				CLANG_WARN_INFINITE_RECURSION = YES;
				CLANG_WARN_INT_CONVERSION = YES;
				CLANG_WARN_NON_LITERAL_NULL_CONVERSION = YES;
				CLANG_WARN_OBJC_IMPLICIT_RETAIN_SELF = YES;
				CLANG_WARN_OBJC_LITERAL_CONVERSION = YES;
				CLANG_WARN_OBJC_ROOT_CLASS = YES_ERROR;
				CLANG_WARN_QUOTED_INCLUDE_IN_FRAMEWORK_HEADER = YES;
				CLANG_WARN_RANGE_LOOP_ANALYSIS = YES;
				CLANG_WARN_STRICT_PROTOTYPES = YES;
				CLANG_WARN_SUSPICIOUS_MOVE = YES;
				CLANG_WARN_UNGUARDED_AVAILABILITY = YES_AGGRESSIVE;
				CLANG_WARN_UNREACHABLE_CODE = YES;
				CLANG_WARN__DUPLICATE_METHOD_MATCH = YES;
				COPY_PHASE_STRIP = NO;
				DEBUG_INFORMATION_FORMAT = "dwarf-with-dsym";
				ENABLE_NS_ASSERTIONS = NO;
				ENABLE_STRICT_OBJC_MSGSEND = YES;
				ENABLE_USER_SCRIPT_SANDBOXING = YES;
				GCC_C_LANGUAGE_STANDARD = gnu17;
				GCC_NO_COMMON_BLOCKS = YES;
				GCC_WARN_64_TO_32_BIT_CONVERSION = YES;
				GCC_WARN_ABOUT_RETURN_TYPE = YES_ERROR;
				GCC_WARN_UNDECLARED_SELECTOR = YES;
				GCC_WARN_UNINITIALIZED_AUTOS = YES_AGGRESSIVE;
				GCC_WARN_UNUSED_FUNCTION = YES;
				GCC_WARN_UNUSED_VARIABLE = YES;
				IPHONEOS_DEPLOYMENT_TARGET = 17.0;
				LOCALIZATION_PREFERS_STRING_CATALOGS = YES;
				MTL_ENABLE_DEBUG_INFO = NO;
				MTL_FAST_MATH = YES;
				SDKROOT = iphoneos;
				SWIFT_COMPILATION_MODE = wholemodule;
				VALIDATE_PRODUCT = YES;
			};
			name = Release;
		};
		C85267FC2AC4317000047B27 /* Debug */ = {
			isa = XCBuildConfiguration;
			buildSettings = {
				ASSETCATALOG_COMPILER_APPICON_NAME = AppIcon;
				ASSETCATALOG_COMPILER_GLOBAL_ACCENT_COLOR_NAME = AccentColor;
				ASSETCATALOG_COMPILER_INCLUDE_ALL_APPICON_ASSETS = YES;
				CODE_SIGN_STYLE = Automatic;
				CURRENT_PROJECT_VERSION = 0.0.1;
				DEVELOPMENT_ASSET_PATHS = "\"Storyboard/Preview Content\"";
				DEVELOPMENT_TEAM = 23BXR5AUUB;
				ENABLE_PREVIEWS = YES;
				GENERATE_INFOPLIST_FILE = YES;
				INFOPLIST_FILE = Storyboard/Info.plist;
				INFOPLIST_KEY_CFBundleDisplayName = SpeechVisualizer;
				INFOPLIST_KEY_LSApplicationCategoryType = "public.app-category.utilities";
				INFOPLIST_KEY_NSCameraUsageDescription = "This app needs the camera to take a picture for the picture card in the sentence.";
				INFOPLIST_KEY_NSPhotoLibraryUsageDescription = "This app needs to access your photo library to select a photo for the picture card in the sentence.";
				INFOPLIST_KEY_UIApplicationSceneManifest_Generation = YES;
				INFOPLIST_KEY_UIApplicationSupportsIndirectInputEvents = YES;
				INFOPLIST_KEY_UILaunchScreen_Generation = YES;
				INFOPLIST_KEY_UILaunchStoryboardName = LaunchScreen.storyboard;
				INFOPLIST_KEY_UISupportedInterfaceOrientations = UIInterfaceOrientationPortrait;
				INFOPLIST_KEY_UISupportedInterfaceOrientations_iPad = "UIInterfaceOrientationLandscapeLeft UIInterfaceOrientationLandscapeRight UIInterfaceOrientationPortrait UIInterfaceOrientationPortraitUpsideDown";
				IPHONEOS_DEPLOYMENT_TARGET = 16.0;
				LD_RUNPATH_SEARCH_PATHS = (
					"$(inherited)",
					"@executable_path/Frameworks",
				);
				MARKETING_VERSION = 1.0.0;
				PRODUCT_BUNDLE_IDENTIFIER = com.elosoft.Storyboard;
				PRODUCT_NAME = "$(TARGET_NAME)";
				SUPPORTED_PLATFORMS = "iphoneos iphonesimulator";
				SUPPORTS_MACCATALYST = NO;
				SUPPORTS_MAC_DESIGNED_FOR_IPHONE_IPAD = NO;
				SWIFT_EMIT_LOC_STRINGS = YES;
				SWIFT_VERSION = 5.0;
				TARGETED_DEVICE_FAMILY = 1;
			};
			name = Debug;
		};
		C85267FD2AC4317000047B27 /* Release */ = {
			isa = XCBuildConfiguration;
			buildSettings = {
				ASSETCATALOG_COMPILER_APPICON_NAME = AppIcon;
				ASSETCATALOG_COMPILER_GLOBAL_ACCENT_COLOR_NAME = AccentColor;
				ASSETCATALOG_COMPILER_INCLUDE_ALL_APPICON_ASSETS = YES;
				CODE_SIGN_STYLE = Automatic;
				CURRENT_PROJECT_VERSION = 0.0.1;
				DEVELOPMENT_ASSET_PATHS = "\"Storyboard/Preview Content\"";
				DEVELOPMENT_TEAM = 23BXR5AUUB;
				ENABLE_PREVIEWS = YES;
				GENERATE_INFOPLIST_FILE = YES;
				INFOPLIST_FILE = Storyboard/Info.plist;
				INFOPLIST_KEY_CFBundleDisplayName = SpeechVisualizer;
				INFOPLIST_KEY_LSApplicationCategoryType = "public.app-category.utilities";
				INFOPLIST_KEY_NSCameraUsageDescription = "This app needs the camera to take a picture for the picture card in the sentence.";
				INFOPLIST_KEY_NSPhotoLibraryUsageDescription = "This app needs to access your photo library to select a photo for the picture card in the sentence.";
				INFOPLIST_KEY_UIApplicationSceneManifest_Generation = YES;
				INFOPLIST_KEY_UIApplicationSupportsIndirectInputEvents = YES;
				INFOPLIST_KEY_UILaunchScreen_Generation = YES;
				INFOPLIST_KEY_UILaunchStoryboardName = LaunchScreen.storyboard;
				INFOPLIST_KEY_UISupportedInterfaceOrientations = UIInterfaceOrientationPortrait;
				INFOPLIST_KEY_UISupportedInterfaceOrientations_iPad = "UIInterfaceOrientationLandscapeLeft UIInterfaceOrientationLandscapeRight UIInterfaceOrientationPortrait UIInterfaceOrientationPortraitUpsideDown";
				IPHONEOS_DEPLOYMENT_TARGET = 16.0;
				LD_RUNPATH_SEARCH_PATHS = (
					"$(inherited)",
					"@executable_path/Frameworks",
				);
				MARKETING_VERSION = 1.0.0;
				PRODUCT_BUNDLE_IDENTIFIER = com.elosoft.Storyboard;
				PRODUCT_NAME = "$(TARGET_NAME)";
				SUPPORTED_PLATFORMS = "iphoneos iphonesimulator";
				SUPPORTS_MACCATALYST = NO;
				SUPPORTS_MAC_DESIGNED_FOR_IPHONE_IPAD = NO;
				SWIFT_EMIT_LOC_STRINGS = YES;
				SWIFT_VERSION = 5.0;
				TARGETED_DEVICE_FAMILY = 1;
			};
			name = Release;
		};
/* End XCBuildConfiguration section */

/* Begin XCConfigurationList section */
		C85267E82AC4316F00047B27 /* Build configuration list for PBXProject "Storyboard" */ = {
			isa = XCConfigurationList;
			buildConfigurations = (
				C85267F92AC4317000047B27 /* Debug */,
				C85267FA2AC4317000047B27 /* Release */,
			);
			defaultConfigurationIsVisible = 0;
			defaultConfigurationName = Release;
		};
		C85267FB2AC4317000047B27 /* Build configuration list for PBXNativeTarget "Storyboard" */ = {
			isa = XCConfigurationList;
			buildConfigurations = (
				C85267FC2AC4317000047B27 /* Debug */,
				C85267FD2AC4317000047B27 /* Release */,
			);
			defaultConfigurationIsVisible = 0;
			defaultConfigurationName = Release;
		};
/* End XCConfigurationList section */

/* Begin XCVersionGroup section */
		C8B8A5872AE3AE2200490EF4 /* Main.xcdatamodeld */ = {
			isa = XCVersionGroup;
			children = (
				C8B8A5882AE3AE2200490EF4 /* Main.xcdatamodel */,
			);
			currentVersion = C8B8A5882AE3AE2200490EF4 /* Main.xcdatamodel */;
			path = Main.xcdatamodeld;
			sourceTree = "<group>";
			versionGroupType = wrapper.xcdatamodel;
		};
/* End XCVersionGroup section */
	};
	rootObject = C85267E52AC4316F00047B27 /* Project object */;
}
