// !$*UTF8*$!
{
	archiveVersion = 1;
	classes = {
	};
	objectVersion = 56;
	objects = {

/* Begin PBXBuildFile section */
		C85267F12AC4316F00047B27 /* StoryboardApp.swift in Sources */ = {isa = PBXBuildFile; fileRef = C85267F02AC4316F00047B27 /* StoryboardApp.swift */; };
		C85267F32AC4316F00047B27 /* ContentView.swift in Sources */ = {isa = PBXBuildFile; fileRef = C85267F22AC4316F00047B27 /* ContentView.swift */; };
		C85267F52AC4317000047B27 /* Assets.xcassets in Resources */ = {isa = PBXBuildFile; fileRef = C85267F42AC4317000047B27 /* Assets.xcassets */; };
		C85267F82AC4317000047B27 /* Preview Assets.xcassets in Resources */ = {isa = PBXBuildFile; fileRef = C85267F72AC4317000047B27 /* Preview Assets.xcassets */; };
		C85267FF2AC433A300047B27 /* ListItemView.swift in Sources */ = {isa = PBXBuildFile; fileRef = C85267FE2AC433A300047B27 /* ListItemView.swift */; };
		C85268012AC445F700047B27 /* ShowStoryView.swift in Sources */ = {isa = PBXBuildFile; fileRef = C85268002AC445F700047B27 /* ShowStoryView.swift */; };
		C8680B322AC6BA1100198CCA /* SequenceListView.swift in Sources */ = {isa = PBXBuildFile; fileRef = C8680B312AC6BA1100198CCA /* SequenceListView.swift */; };
		C8680B342AC6BF6300198CCA /* NewSequenceView.swift in Sources */ = {isa = PBXBuildFile; fileRef = C8680B332AC6BF6300198CCA /* NewSequenceView.swift */; };
		C8680B362AC94BE100198CCA /* Sequencer.swift in Sources */ = {isa = PBXBuildFile; fileRef = C8680B352AC94BE100198CCA /* Sequencer.swift */; };
		C8680B3A2AC968F600198CCA /* training-model.json in Resources */ = {isa = PBXBuildFile; fileRef = C8680B392AC968F600198CCA /* training-model.json */; };
		C8680B3C2AC9692600198CCA /* TrainingModel.swift in Sources */ = {isa = PBXBuildFile; fileRef = C8680B3B2AC9692600198CCA /* TrainingModel.swift */; };
		C8680B3E2AC9742700198CCA /* TrainingData.swift in Sources */ = {isa = PBXBuildFile; fileRef = C8680B3D2AC9742700198CCA /* TrainingData.swift */; };
		C8680B412AC9C0D500198CCA /* WordType.swift in Sources */ = {isa = PBXBuildFile; fileRef = C8680B402AC9C0D500198CCA /* WordType.swift */; };
		C8680B432AC9C27E00198CCA /* SequencerSendJson.swift in Sources */ = {isa = PBXBuildFile; fileRef = C8680B422AC9C27E00198CCA /* SequencerSendJson.swift */; };
		C8680B452ACA5C6000198CCA /* SequencerResponseSuccess.swift in Sources */ = {isa = PBXBuildFile; fileRef = C8680B442ACA5C6000198CCA /* SequencerResponseSuccess.swift */; };
		C8680B472ACA5CCF00198CCA /* SequencerResponseError.swift in Sources */ = {isa = PBXBuildFile; fileRef = C8680B462ACA5CCF00198CCA /* SequencerResponseError.swift */; };
		C8680B642ACFD98000198CCA /* SpinnerView.swift in Sources */ = {isa = PBXBuildFile; fileRef = C8680B632ACFD98000198CCA /* SpinnerView.swift */; };
		C8680B662ACFFF3500198CCA /* PreviewStoryView.swift in Sources */ = {isa = PBXBuildFile; fileRef = C8680B652ACFFF3500198CCA /* PreviewStoryView.swift */; };
		C8680B682AD0007400198CCA /* Story.swift in Sources */ = {isa = PBXBuildFile; fileRef = C8680B672AD0007400198CCA /* Story.swift */; };
/* End PBXBuildFile section */

/* Begin PBXFileReference section */
		C85267ED2AC4316F00047B27 /* Storyboard.app */ = {isa = PBXFileReference; explicitFileType = wrapper.application; includeInIndex = 0; path = Storyboard.app; sourceTree = BUILT_PRODUCTS_DIR; };
		C85267F02AC4316F00047B27 /* StoryboardApp.swift */ = {isa = PBXFileReference; lastKnownFileType = sourcecode.swift; path = StoryboardApp.swift; sourceTree = "<group>"; };
		C85267F22AC4316F00047B27 /* ContentView.swift */ = {isa = PBXFileReference; lastKnownFileType = sourcecode.swift; path = ContentView.swift; sourceTree = "<group>"; };
		C85267F42AC4317000047B27 /* Assets.xcassets */ = {isa = PBXFileReference; lastKnownFileType = folder.assetcatalog; path = Assets.xcassets; sourceTree = "<group>"; };
		C85267F72AC4317000047B27 /* Preview Assets.xcassets */ = {isa = PBXFileReference; lastKnownFileType = folder.assetcatalog; path = "Preview Assets.xcassets"; sourceTree = "<group>"; };
		C85267FE2AC433A300047B27 /* ListItemView.swift */ = {isa = PBXFileReference; lastKnownFileType = sourcecode.swift; path = ListItemView.swift; sourceTree = "<group>"; };
		C85268002AC445F700047B27 /* ShowStoryView.swift */ = {isa = PBXFileReference; lastKnownFileType = sourcecode.swift; path = ShowStoryView.swift; sourceTree = "<group>"; };
		C8680B312AC6BA1100198CCA /* SequenceListView.swift */ = {isa = PBXFileReference; lastKnownFileType = sourcecode.swift; path = SequenceListView.swift; sourceTree = "<group>"; };
		C8680B332AC6BF6300198CCA /* NewSequenceView.swift */ = {isa = PBXFileReference; lastKnownFileType = sourcecode.swift; path = NewSequenceView.swift; sourceTree = "<group>"; };
		C8680B352AC94BE100198CCA /* Sequencer.swift */ = {isa = PBXFileReference; lastKnownFileType = sourcecode.swift; path = Sequencer.swift; sourceTree = "<group>"; };
		C8680B392AC968F600198CCA /* training-model.json */ = {isa = PBXFileReference; fileEncoding = 4; lastKnownFileType = text.json; path = "training-model.json"; sourceTree = "<group>"; };
		C8680B3B2AC9692600198CCA /* TrainingModel.swift */ = {isa = PBXFileReference; lastKnownFileType = sourcecode.swift; path = TrainingModel.swift; sourceTree = "<group>"; };
		C8680B3D2AC9742700198CCA /* TrainingData.swift */ = {isa = PBXFileReference; lastKnownFileType = sourcecode.swift; path = TrainingData.swift; sourceTree = "<group>"; };
		C8680B402AC9C0D500198CCA /* WordType.swift */ = {isa = PBXFileReference; lastKnownFileType = sourcecode.swift; path = WordType.swift; sourceTree = "<group>"; };
		C8680B422AC9C27E00198CCA /* SequencerSendJson.swift */ = {isa = PBXFileReference; lastKnownFileType = sourcecode.swift; path = SequencerSendJson.swift; sourceTree = "<group>"; };
		C8680B442ACA5C6000198CCA /* SequencerResponseSuccess.swift */ = {isa = PBXFileReference; lastKnownFileType = sourcecode.swift; path = SequencerResponseSuccess.swift; sourceTree = "<group>"; };
		C8680B462ACA5CCF00198CCA /* SequencerResponseError.swift */ = {isa = PBXFileReference; lastKnownFileType = sourcecode.swift; path = SequencerResponseError.swift; sourceTree = "<group>"; };
		C8680B632ACFD98000198CCA /* SpinnerView.swift */ = {isa = PBXFileReference; lastKnownFileType = sourcecode.swift; path = SpinnerView.swift; sourceTree = "<group>"; };
		C8680B652ACFFF3500198CCA /* PreviewStoryView.swift */ = {isa = PBXFileReference; lastKnownFileType = sourcecode.swift; path = PreviewStoryView.swift; sourceTree = "<group>"; };
		C8680B672AD0007400198CCA /* Story.swift */ = {isa = PBXFileReference; lastKnownFileType = sourcecode.swift; path = Story.swift; sourceTree = "<group>"; };
/* End PBXFileReference section */

/* Begin PBXFrameworksBuildPhase section */
		C85267EA2AC4316F00047B27 /* Frameworks */ = {
			isa = PBXFrameworksBuildPhase;
			buildActionMask = 2147483647;
			files = (
			);
			runOnlyForDeploymentPostprocessing = 0;
		};
/* End PBXFrameworksBuildPhase section */

/* Begin PBXGroup section */
		C85267E42AC4316F00047B27 = {
			isa = PBXGroup;
			children = (
				C85267EF2AC4316F00047B27 /* Storyboard */,
				C85267EE2AC4316F00047B27 /* Products */,
			);
			sourceTree = "<group>";
		};
		C85267EE2AC4316F00047B27 /* Products */ = {
			isa = PBXGroup;
			children = (
				C85267ED2AC4316F00047B27 /* Storyboard.app */,
			);
			name = Products;
			sourceTree = "<group>";
		};
		C85267EF2AC4316F00047B27 /* Storyboard */ = {
			isa = PBXGroup;
			children = (
				C8680B392AC968F600198CCA /* training-model.json */,
				C85267F22AC4316F00047B27 /* ContentView.swift */,
				C85267FE2AC433A300047B27 /* ListItemView.swift */,
				C8680B332AC6BF6300198CCA /* NewSequenceView.swift */,
				C8680B312AC6BA1100198CCA /* SequenceListView.swift */,
				C85268002AC445F700047B27 /* ShowStoryView.swift */,
				C85267F02AC4316F00047B27 /* StoryboardApp.swift */,
				C85267F42AC4317000047B27 /* Assets.xcassets */,
				C8680B382AC95D5700198CCA /* DataModels */,
				C8680B372AC95D0400198CCA /* Models */,
				C85267F62AC4317000047B27 /* Preview Content */,
				C8680B3F2AC9C0BD00198CCA /* Types */,
				C8680B632ACFD98000198CCA /* SpinnerView.swift */,
				C8680B652ACFFF3500198CCA /* PreviewStoryView.swift */,
			);
			path = Storyboard;
			sourceTree = "<group>";
		};
		C85267F62AC4317000047B27 /* Preview Content */ = {
			isa = PBXGroup;
			children = (
				C85267F72AC4317000047B27 /* Preview Assets.xcassets */,
			);
			path = "Preview Content";
			sourceTree = "<group>";
		};
		C8680B372AC95D0400198CCA /* Models */ = {
			isa = PBXGroup;
			children = (
				C8680B352AC94BE100198CCA /* Sequencer.swift */,
			);
			path = Models;
			sourceTree = "<group>";
		};
		C8680B382AC95D5700198CCA /* DataModels */ = {
			isa = PBXGroup;
			children = (
				C8680B3B2AC9692600198CCA /* TrainingModel.swift */,
				C8680B3D2AC9742700198CCA /* TrainingData.swift */,
				C8680B422AC9C27E00198CCA /* SequencerSendJson.swift */,
				C8680B442ACA5C6000198CCA /* SequencerResponseSuccess.swift */,
				C8680B462ACA5CCF00198CCA /* SequencerResponseError.swift */,
				C8680B672AD0007400198CCA /* Story.swift */,
			);
			path = DataModels;
			sourceTree = "<group>";
		};
		C8680B3F2AC9C0BD00198CCA /* Types */ = {
			isa = PBXGroup;
			children = (
				C8680B402AC9C0D500198CCA /* WordType.swift */,
			);
			path = Types;
			sourceTree = "<group>";
		};
/* End PBXGroup section */

/* Begin PBXNativeTarget section */
		C85267EC2AC4316F00047B27 /* Storyboard */ = {
			isa = PBXNativeTarget;
			buildConfigurationList = C85267FB2AC4317000047B27 /* Build configuration list for PBXNativeTarget "Storyboard" */;
			buildPhases = (
				C85267E92AC4316F00047B27 /* Sources */,
				C85267EA2AC4316F00047B27 /* Frameworks */,
				C85267EB2AC4316F00047B27 /* Resources */,
			);
			buildRules = (
			);
			dependencies = (
			);
			name = Storyboard;
			productName = Storyboard;
			productReference = C85267ED2AC4316F00047B27 /* Storyboard.app */;
			productType = "com.apple.product-type.application";
		};
/* End PBXNativeTarget section */

/* Begin PBXProject section */
		C85267E52AC4316F00047B27 /* Project object */ = {
			isa = PBXProject;
			attributes = {
				BuildIndependentTargetsInParallel = 1;
				LastSwiftUpdateCheck = 1500;
				LastUpgradeCheck = 1500;
				TargetAttributes = {
					C85267EC2AC4316F00047B27 = {
						CreatedOnToolsVersion = 15.0;
					};
				};
			};
			buildConfigurationList = C85267E82AC4316F00047B27 /* Build configuration list for PBXProject "Storyboard" */;
			compatibilityVersion = "Xcode 14.0";
			developmentRegion = en;
			hasScannedForEncodings = 0;
			knownRegions = (
				en,
				Base,
			);
			mainGroup = C85267E42AC4316F00047B27;
			productRefGroup = C85267EE2AC4316F00047B27 /* Products */;
			projectDirPath = "";
			projectRoot = "";
			targets = (
				C85267EC2AC4316F00047B27 /* Storyboard */,
			);
		};
/* End PBXProject section */

/* Begin PBXResourcesBuildPhase section */
		C85267EB2AC4316F00047B27 /* Resources */ = {
			isa = PBXResourcesBuildPhase;
			buildActionMask = 2147483647;
			files = (
				C8680B3A2AC968F600198CCA /* training-model.json in Resources */,
				C85267F82AC4317000047B27 /* Preview Assets.xcassets in Resources */,
				C85267F52AC4317000047B27 /* Assets.xcassets in Resources */,
			);
			runOnlyForDeploymentPostprocessing = 0;
		};
/* End PBXResourcesBuildPhase section */

/* Begin PBXSourcesBuildPhase section */
		C85267E92AC4316F00047B27 /* Sources */ = {
			isa = PBXSourcesBuildPhase;
			buildActionMask = 2147483647;
			files = (
				C8680B452ACA5C6000198CCA /* SequencerResponseSuccess.swift in Sources */,
				C85267FF2AC433A300047B27 /* ListItemView.swift in Sources */,
				C8680B412AC9C0D500198CCA /* WordType.swift in Sources */,
				C8680B322AC6BA1100198CCA /* SequenceListView.swift in Sources */,
				C8680B362AC94BE100198CCA /* Sequencer.swift in Sources */,
				C8680B3C2AC9692600198CCA /* TrainingModel.swift in Sources */,
				C8680B642ACFD98000198CCA /* SpinnerView.swift in Sources */,
				C8680B682AD0007400198CCA /* Story.swift in Sources */,
				C8680B662ACFFF3500198CCA /* PreviewStoryView.swift in Sources */,
				C8680B342AC6BF6300198CCA /* NewSequenceView.swift in Sources */,
				C8680B472ACA5CCF00198CCA /* SequencerResponseError.swift in Sources */,
				C85267F32AC4316F00047B27 /* ContentView.swift in Sources */,
				C8680B3E2AC9742700198CCA /* TrainingData.swift in Sources */,
				C85267F12AC4316F00047B27 /* StoryboardApp.swift in Sources */,
				C85268012AC445F700047B27 /* ShowStoryView.swift in Sources */,
				C8680B432AC9C27E00198CCA /* SequencerSendJson.swift in Sources */,
			);
			runOnlyForDeploymentPostprocessing = 0;
		};
/* End PBXSourcesBuildPhase section */

/* Begin XCBuildConfiguration section */
		C85267F92AC4317000047B27 /* Debug */ = {
			isa = XCBuildConfiguration;
			buildSettings = {
				ALWAYS_SEARCH_USER_PATHS = NO;
				ASSETCATALOG_COMPILER_GENERATE_SWIFT_ASSET_SYMBOL_EXTENSIONS = YES;
				CLANG_ANALYZER_NONNULL = YES;
				CLANG_ANALYZER_NUMBER_OBJECT_CONVERSION = YES_AGGRESSIVE;
				CLANG_CXX_LANGUAGE_STANDARD = "gnu++20";
				CLANG_ENABLE_MODULES = YES;
				CLANG_ENABLE_OBJC_ARC = YES;
				CLANG_ENABLE_OBJC_WEAK = YES;
				CLANG_WARN_BLOCK_CAPTURE_AUTORELEASING = YES;
				CLANG_WARN_BOOL_CONVERSION = YES;
				CLANG_WARN_COMMA = YES;
				CLANG_WARN_CONSTANT_CONVERSION = YES;
				CLANG_WARN_DEPRECATED_OBJC_IMPLEMENTATIONS = YES;
				CLANG_WARN_DIRECT_OBJC_ISA_USAGE = YES_ERROR;
				CLANG_WARN_DOCUMENTATION_COMMENTS = YES;
				CLANG_WARN_EMPTY_BODY = YES;
				CLANG_WARN_ENUM_CONVERSION = YES;
				CLANG_WARN_INFINITE_RECURSION = YES;
				CLANG_WARN_INT_CONVERSION = YES;
				CLANG_WARN_NON_LITERAL_NULL_CONVERSION = YES;
				CLANG_WARN_OBJC_IMPLICIT_RETAIN_SELF = YES;
				CLANG_WARN_OBJC_LITERAL_CONVERSION = YES;
				CLANG_WARN_OBJC_ROOT_CLASS = YES_ERROR;
				CLANG_WARN_QUOTED_INCLUDE_IN_FRAMEWORK_HEADER = YES;
				CLANG_WARN_RANGE_LOOP_ANALYSIS = YES;
				CLANG_WARN_STRICT_PROTOTYPES = YES;
				CLANG_WARN_SUSPICIOUS_MOVE = YES;
				CLANG_WARN_UNGUARDED_AVAILABILITY = YES_AGGRESSIVE;
				CLANG_WARN_UNREACHABLE_CODE = YES;
				CLANG_WARN__DUPLICATE_METHOD_MATCH = YES;
				COPY_PHASE_STRIP = NO;
				DEBUG_INFORMATION_FORMAT = dwarf;
				ENABLE_STRICT_OBJC_MSGSEND = YES;
				ENABLE_TESTABILITY = YES;
				ENABLE_USER_SCRIPT_SANDBOXING = YES;
				GCC_C_LANGUAGE_STANDARD = gnu17;
				GCC_DYNAMIC_NO_PIC = NO;
				GCC_NO_COMMON_BLOCKS = YES;
				GCC_OPTIMIZATION_LEVEL = 0;
				GCC_PREPROCESSOR_DEFINITIONS = (
					"DEBUG=1",
					"$(inherited)",
				);
				GCC_WARN_64_TO_32_BIT_CONVERSION = YES;
				GCC_WARN_ABOUT_RETURN_TYPE = YES_ERROR;
				GCC_WARN_UNDECLARED_SELECTOR = YES;
				GCC_WARN_UNINITIALIZED_AUTOS = YES_AGGRESSIVE;
				GCC_WARN_UNUSED_FUNCTION = YES;
				GCC_WARN_UNUSED_VARIABLE = YES;
				IPHONEOS_DEPLOYMENT_TARGET = 17.0;
				LOCALIZATION_PREFERS_STRING_CATALOGS = YES;
				MTL_ENABLE_DEBUG_INFO = INCLUDE_SOURCE;
				MTL_FAST_MATH = YES;
				ONLY_ACTIVE_ARCH = YES;
				SDKROOT = iphoneos;
				SWIFT_ACTIVE_COMPILATION_CONDITIONS = "DEBUG $(inherited)";
				SWIFT_OPTIMIZATION_LEVEL = "-Onone";
			};
			name = Debug;
		};
		C85267FA2AC4317000047B27 /* Release */ = {
			isa = XCBuildConfiguration;
			buildSettings = {
				ALWAYS_SEARCH_USER_PATHS = NO;
				ASSETCATALOG_COMPILER_GENERATE_SWIFT_ASSET_SYMBOL_EXTENSIONS = YES;
				CLANG_ANALYZER_NONNULL = YES;
				CLANG_ANALYZER_NUMBER_OBJECT_CONVERSION = YES_AGGRESSIVE;
				CLANG_CXX_LANGUAGE_STANDARD = "gnu++20";
				CLANG_ENABLE_MODULES = YES;
				CLANG_ENABLE_OBJC_ARC = YES;
				CLANG_ENABLE_OBJC_WEAK = YES;
				CLANG_WARN_BLOCK_CAPTURE_AUTORELEASING = YES;
				CLANG_WARN_BOOL_CONVERSION = YES;
				CLANG_WARN_COMMA = YES;
				CLANG_WARN_CONSTANT_CONVERSION = YES;
				CLANG_WARN_DEPRECATED_OBJC_IMPLEMENTATIONS = YES;
				CLANG_WARN_DIRECT_OBJC_ISA_USAGE = YES_ERROR;
				CLANG_WARN_DOCUMENTATION_COMMENTS = YES;
				CLANG_WARN_EMPTY_BODY = YES;
				CLANG_WARN_ENUM_CONVERSION = YES;
				CLANG_WARN_INFINITE_RECURSION = YES;
				CLANG_WARN_INT_CONVERSION = YES;
				CLANG_WARN_NON_LITERAL_NULL_CONVERSION = YES;
				CLANG_WARN_OBJC_IMPLICIT_RETAIN_SELF = YES;
				CLANG_WARN_OBJC_LITERAL_CONVERSION = YES;
				CLANG_WARN_OBJC_ROOT_CLASS = YES_ERROR;
				CLANG_WARN_QUOTED_INCLUDE_IN_FRAMEWORK_HEADER = YES;
				CLANG_WARN_RANGE_LOOP_ANALYSIS = YES;
				CLANG_WARN_STRICT_PROTOTYPES = YES;
				CLANG_WARN_SUSPICIOUS_MOVE = YES;
				CLANG_WARN_UNGUARDED_AVAILABILITY = YES_AGGRESSIVE;
				CLANG_WARN_UNREACHABLE_CODE = YES;
				CLANG_WARN__DUPLICATE_METHOD_MATCH = YES;
				COPY_PHASE_STRIP = NO;
				DEBUG_INFORMATION_FORMAT = "dwarf-with-dsym";
				ENABLE_NS_ASSERTIONS = NO;
				ENABLE_STRICT_OBJC_MSGSEND = YES;
				ENABLE_USER_SCRIPT_SANDBOXING = YES;
				GCC_C_LANGUAGE_STANDARD = gnu17;
				GCC_NO_COMMON_BLOCKS = YES;
				GCC_WARN_64_TO_32_BIT_CONVERSION = YES;
				GCC_WARN_ABOUT_RETURN_TYPE = YES_ERROR;
				GCC_WARN_UNDECLARED_SELECTOR = YES;
				GCC_WARN_UNINITIALIZED_AUTOS = YES_AGGRESSIVE;
				GCC_WARN_UNUSED_FUNCTION = YES;
				GCC_WARN_UNUSED_VARIABLE = YES;
				IPHONEOS_DEPLOYMENT_TARGET = 17.0;
				LOCALIZATION_PREFERS_STRING_CATALOGS = YES;
				MTL_ENABLE_DEBUG_INFO = NO;
				MTL_FAST_MATH = YES;
				SDKROOT = iphoneos;
				SWIFT_COMPILATION_MODE = wholemodule;
				VALIDATE_PRODUCT = YES;
			};
			name = Release;
		};
		C85267FC2AC4317000047B27 /* Debug */ = {
			isa = XCBuildConfiguration;
			buildSettings = {
				ASSETCATALOG_COMPILER_APPICON_NAME = AppIcon;
				ASSETCATALOG_COMPILER_GLOBAL_ACCENT_COLOR_NAME = AccentColor;
				CODE_SIGN_STYLE = Automatic;
				CURRENT_PROJECT_VERSION = 1;
				DEVELOPMENT_ASSET_PATHS = "\"Storyboard/Preview Content\"";
				DEVELOPMENT_TEAM = 23BXR5AUUB;
				ENABLE_PREVIEWS = YES;
				GENERATE_INFOPLIST_FILE = YES;
				INFOPLIST_KEY_LSApplicationCategoryType = "public.app-category.utilities";
				INFOPLIST_KEY_UIApplicationSceneManifest_Generation = YES;
				INFOPLIST_KEY_UIApplicationSupportsIndirectInputEvents = YES;
				INFOPLIST_KEY_UILaunchScreen_Generation = YES;
				INFOPLIST_KEY_UISupportedInterfaceOrientations_iPad = "UIInterfaceOrientationPortrait UIInterfaceOrientationPortraitUpsideDown UIInterfaceOrientationLandscapeLeft UIInterfaceOrientationLandscapeRight";
				INFOPLIST_KEY_UISupportedInterfaceOrientations_iPhone = "UIInterfaceOrientationPortrait UIInterfaceOrientationLandscapeLeft UIInterfaceOrientationLandscapeRight";
				IPHONEOS_DEPLOYMENT_TARGET = 16.0;
				LD_RUNPATH_SEARCH_PATHS = (
					"$(inherited)",
					"@executable_path/Frameworks",
				);
				MARKETING_VERSION = 1.0;
				PRODUCT_BUNDLE_IDENTIFIER = com.elosoft.Storyboard;
				PRODUCT_NAME = "$(TARGET_NAME)";
				SWIFT_EMIT_LOC_STRINGS = YES;
				SWIFT_VERSION = 5.0;
				TARGETED_DEVICE_FAMILY = "1,2";
			};
			name = Debug;
		};
		C85267FD2AC4317000047B27 /* Release */ = {
			isa = XCBuildConfiguration;
			buildSettings = {
				ASSETCATALOG_COMPILER_APPICON_NAME = AppIcon;
				ASSETCATALOG_COMPILER_GLOBAL_ACCENT_COLOR_NAME = AccentColor;
				CODE_SIGN_STYLE = Automatic;
				CURRENT_PROJECT_VERSION = 1;
				DEVELOPMENT_ASSET_PATHS = "\"Storyboard/Preview Content\"";
				DEVELOPMENT_TEAM = 23BXR5AUUB;
				ENABLE_PREVIEWS = YES;
				GENERATE_INFOPLIST_FILE = YES;
				INFOPLIST_KEY_LSApplicationCategoryType = "public.app-category.utilities";
				INFOPLIST_KEY_UIApplicationSceneManifest_Generation = YES;
				INFOPLIST_KEY_UIApplicationSupportsIndirectInputEvents = YES;
				INFOPLIST_KEY_UILaunchScreen_Generation = YES;
				INFOPLIST_KEY_UISupportedInterfaceOrientations_iPad = "UIInterfaceOrientationPortrait UIInterfaceOrientationPortraitUpsideDown UIInterfaceOrientationLandscapeLeft UIInterfaceOrientationLandscapeRight";
				INFOPLIST_KEY_UISupportedInterfaceOrientations_iPhone = "UIInterfaceOrientationPortrait UIInterfaceOrientationLandscapeLeft UIInterfaceOrientationLandscapeRight";
				IPHONEOS_DEPLOYMENT_TARGET = 16.0;
				LD_RUNPATH_SEARCH_PATHS = (
					"$(inherited)",
					"@executable_path/Frameworks",
				);
				MARKETING_VERSION = 1.0;
				PRODUCT_BUNDLE_IDENTIFIER = com.elosoft.Storyboard;
				PRODUCT_NAME = "$(TARGET_NAME)";
				SWIFT_EMIT_LOC_STRINGS = YES;
				SWIFT_VERSION = 5.0;
				TARGETED_DEVICE_FAMILY = "1,2";
			};
			name = Release;
		};
/* End XCBuildConfiguration section */

/* Begin XCConfigurationList section */
		C85267E82AC4316F00047B27 /* Build configuration list for PBXProject "Storyboard" */ = {
			isa = XCConfigurationList;
			buildConfigurations = (
				C85267F92AC4317000047B27 /* Debug */,
				C85267FA2AC4317000047B27 /* Release */,
			);
			defaultConfigurationIsVisible = 0;
			defaultConfigurationName = Release;
		};
		C85267FB2AC4317000047B27 /* Build configuration list for PBXNativeTarget "Storyboard" */ = {
			isa = XCConfigurationList;
			buildConfigurations = (
				C85267FC2AC4317000047B27 /* Debug */,
				C85267FD2AC4317000047B27 /* Release */,
			);
			defaultConfigurationIsVisible = 0;
			defaultConfigurationName = Release;
		};
/* End XCConfigurationList section */
	};
	rootObject = C85267E52AC4316F00047B27 /* Project object */;
}
